
Microsoft Visual Studio Solution File, Format Version 12.00
# Visual Studio Version 17
VisualStudioVersion = 17.9.34728.123
MinimumVisualStudioVersion = 10.0.40219.1
Project("{FAE04EC0-301F-11D3-BF4B-00C04F79EFBC}") = "Saga", "Saga.csproj", "{9D115BA6-D800-4F36-9F1F-05E92AF288E8}"
EndProject
Global
	GlobalSection(SolutionConfigurationPlatforms) = preSolution
		Debug|Any CPU = Debug|Any CPU
		Release|Any CPU = Release|Any CPU
	EndGlobalSection
	GlobalSection(ProjectConfigurationPlatforms) = postSolution
		{9D115BA6-D800-4F36-9F1F-05E92AF288E8}.Debug|Any CPU.ActiveCfg = Debug|Any CPU
		{9D115BA6-D800-4F36-9F1F-05E92AF288E8}.Debug|Any CPU.Build.0 = Debug|Any CPU
		{9D115BA6-D800-4F36-9F1F-05E92AF288E8}.Release|Any CPU.ActiveCfg = Release|Any CPU
		{9D115BA6-D800-4F36-9F1F-05E92AF288E8}.Release|Any CPU.Build.0 = Release|Any CPU
	EndGlobalSection
	GlobalSection(SolutionProperties) = preSolution
		HideSolutionNode = FALSE
	EndGlobalSection
	GlobalSection(ExtensibilityGlobals) = postSolution
		SolutionGuid = {261F2B48-4C19-43C9-B75D-FAD2DC31C175}
	EndGlobalSection
EndGlobal
